dependencies:
  espressif/esp_tinyusb:
    component_hash: 96d232ced7afe1976119b62f7fbf1944a2a78b36228ff6f7b9318394ac1153cc
    dependencies:
    - name: idf
      require: private
      version: '>=5.0'
    - name: espressif/tinyusb
      registry_url: https://components.espressif.com
      require: public
      version: '>=0.14.2'
    source:
      registry_url: https://components.espressif.com/
      type: service
    version: 1.7.6~1
  espressif/tinyusb:
    component_hash: 7fa5016d792d8e4025a8352b4fd4af7c124947647037e9d2449c9e0b47fdf663
    dependencies:
    - name: idf
      require: private
      version: '>=5.0'
    source:
      registry_url: https://components.espressif.com
      type: service
    targets:
    - esp32s2
    - esp32s3
    - esp32p4
    - esp32h4
    version: 0.18.0~6
  idf:
    source:
      type: idf
    version: 5.5.0
direct_dependencies:
- espressif/esp_tinyusb
manifest_hash: 3b227dfb77847324131e63770653b45f77cb25ced35d984833ef8d16c89cd2e8
target: esp32p4
version: 2.0.0
